// !$*UTF8*$!
{
	archiveVersion = 1;
	classes = {
	};
	objectVersion = 56;
	objects = {

/* Begin PBXBuildFile section */
		457F1FBD2AE46F16005C0723 /* AppDelegate.swift in Sources */ = {isa = PBXBuildFile; fileRef = 457F1FBC2AE46F16005C0723 /* AppDelegate.swift */; };
		457F1FBF2AE46F16005C0723 /* SceneDelegate.swift in Sources */ = {isa = PBXBuildFile; fileRef = 457F1FBE2AE46F16005C0723 /* SceneDelegate.swift */; };
		457F1FC12AE46F16005C0723 /* ViewController.swift in Sources */ = {isa = PBXBuildFile; fileRef = 457F1FC02AE46F16005C0723 /* ViewController.swift */; };
		457F1FC42AE46F16005C0723 /* Main.storyboard in Resources */ = {isa = PBXBuildFile; fileRef = 457F1FC22AE46F16005C0723 /* Main.storyboard */; };
		457F1FC62AE46F17005C0723 /* Assets.xcassets in Resources */ = {isa = PBXBuildFile; fileRef = 457F1FC52AE46F17005C0723 /* Assets.xcassets */; };
		457F1FC92AE46F17005C0723 /* LaunchScreen.storyboard in Resources */ = {isa = PBXBuildFile; fileRef = 457F1FC72AE46F17005C0723 /* LaunchScreen.storyboard */; };
		457F1FD12AE46F6E005C0723 /* GoogleService-Info.plist in Resources */ = {isa = PBXBuildFile; fileRef = 457F1FD02AE46F6E005C0723 /* GoogleService-Info.plist */; };
		457F1FD42AE4700A005C0723 /* FirebaseAnalytics in Frameworks */ = {isa = PBXBuildFile; productRef = 457F1FD32AE4700A005C0723 /* FirebaseAnalytics */; };
		457F1FD62AE4700A005C0723 /* FirebaseAnalyticsOnDeviceConversion in Frameworks */ = {isa = PBXBuildFile; productRef = 457F1FD52AE4700A005C0723 /* FirebaseAnalyticsOnDeviceConversion */; };
		457F1FD82AE4700A005C0723 /* FirebaseAnalyticsSwift in Frameworks */ = {isa = PBXBuildFile; productRef = 457F1FD72AE4700A005C0723 /* FirebaseAnalyticsSwift */; };
		457F1FDA2AE4700A005C0723 /* FirebaseAnalyticsWithoutAdIdSupport in Frameworks */ = {isa = PBXBuildFile; productRef = 457F1FD92AE4700A005C0723 /* FirebaseAnalyticsWithoutAdIdSupport */; };
		457F1FDC2AE4700A005C0723 /* FirebaseAppCheck in Frameworks */ = {isa = PBXBuildFile; productRef = 457F1FDB2AE4700A005C0723 /* FirebaseAppCheck */; };
		457F1FDE2AE4700A005C0723 /* FirebaseAppDistribution-Beta in Frameworks */ = {isa = PBXBuildFile; productRef = 457F1FDD2AE4700A005C0723 /* FirebaseAppDistribution-Beta */; };
		457F1FE02AE4700A005C0723 /* FirebaseAuth in Frameworks */ = {isa = PBXBuildFile; productRef = 457F1FDF2AE4700A005C0723 /* FirebaseAuth */; };
		457F1FE22AE4700A005C0723 /* FirebaseAuthCombine-Community in Frameworks */ = {isa = PBXBuildFile; productRef = 457F1FE12AE4700A005C0723 /* FirebaseAuthCombine-Community */; };
		457F1FE42AE4700A005C0723 /* FirebaseCrashlytics in Frameworks */ = {isa = PBXBuildFile; productRef = 457F1FE32AE4700A005C0723 /* FirebaseCrashlytics */; };
		457F1FE62AE4700A005C0723 /* FirebaseDatabase in Frameworks */ = {isa = PBXBuildFile; productRef = 457F1FE52AE4700A005C0723 /* FirebaseDatabase */; };
		457F1FE82AE4700A005C0723 /* FirebaseDatabaseSwift in Frameworks */ = {isa = PBXBuildFile; productRef = 457F1FE72AE4700A005C0723 /* FirebaseDatabaseSwift */; };
		457F1FEA2AE4700A005C0723 /* FirebaseDynamicLinks in Frameworks */ = {isa = PBXBuildFile; productRef = 457F1FE92AE4700A005C0723 /* FirebaseDynamicLinks */; };
		457F1FEC2AE4700A005C0723 /* FirebaseFirestore in Frameworks */ = {isa = PBXBuildFile; productRef = 457F1FEB2AE4700A005C0723 /* FirebaseFirestore */; };
		457F1FEE2AE4700A005C0723 /* FirebaseFirestoreCombine-Community in Frameworks */ = {isa = PBXBuildFile; productRef = 457F1FED2AE4700A005C0723 /* FirebaseFirestoreCombine-Community */; };
		457F1FF02AE4700A005C0723 /* FirebaseFirestoreSwift in Frameworks */ = {isa = PBXBuildFile; productRef = 457F1FEF2AE4700A005C0723 /* FirebaseFirestoreSwift */; };
		457F1FF22AE4700A005C0723 /* FirebaseFunctions in Frameworks */ = {isa = PBXBuildFile; productRef = 457F1FF12AE4700A005C0723 /* FirebaseFunctions */; };
		457F1FF42AE4700A005C0723 /* FirebaseFunctionsCombine-Community in Frameworks */ = {isa = PBXBuildFile; productRef = 457F1FF32AE4700A005C0723 /* FirebaseFunctionsCombine-Community */; };
		457F1FF62AE4700A005C0723 /* FirebaseInAppMessaging-Beta in Frameworks */ = {isa = PBXBuildFile; productRef = 457F1FF52AE4700A005C0723 /* FirebaseInAppMessaging-Beta */; };
		457F1FF82AE4700A005C0723 /* FirebaseInAppMessagingSwift-Beta in Frameworks */ = {isa = PBXBuildFile; productRef = 457F1FF72AE4700A005C0723 /* FirebaseInAppMessagingSwift-Beta */; };
		457F1FFA2AE4700A005C0723 /* FirebaseInstallations in Frameworks */ = {isa = PBXBuildFile; productRef = 457F1FF92AE4700A005C0723 /* FirebaseInstallations */; };
		457F1FFC2AE4700A005C0723 /* FirebaseMLModelDownloader in Frameworks */ = {isa = PBXBuildFile; productRef = 457F1FFB2AE4700A005C0723 /* FirebaseMLModelDownloader */; };
		457F1FFE2AE4700A005C0723 /* FirebaseMessaging in Frameworks */ = {isa = PBXBuildFile; productRef = 457F1FFD2AE4700A005C0723 /* FirebaseMessaging */; };
		457F20002AE4700A005C0723 /* FirebasePerformance in Frameworks */ = {isa = PBXBuildFile; productRef = 457F1FFF2AE4700A005C0723 /* FirebasePerformance */; };
		457F20022AE4700A005C0723 /* FirebaseRemoteConfig in Frameworks */ = {isa = PBXBuildFile; productRef = 457F20012AE4700A005C0723 /* FirebaseRemoteConfig */; };
		457F20042AE4700A005C0723 /* FirebaseRemoteConfigSwift in Frameworks */ = {isa = PBXBuildFile; productRef = 457F20032AE4700A005C0723 /* FirebaseRemoteConfigSwift */; };
		457F20062AE4700A005C0723 /* FirebaseStorage in Frameworks */ = {isa = PBXBuildFile; productRef = 457F20052AE4700A005C0723 /* FirebaseStorage */; };
		457F20082AE4700A005C0723 /* FirebaseStorageCombine-Community in Frameworks */ = {isa = PBXBuildFile; productRef = 457F20072AE4700A005C0723 /* FirebaseStorageCombine-Community */; };
		45D2BF042AE4D92D006CC283 /* FeedViewController.swift in Sources */ = {isa = PBXBuildFile; fileRef = 45D2BF032AE4D92D006CC283 /* FeedViewController.swift */; };
		45D2BF062AE4E3BE006CC283 /* UploadViewController.swift in Sources */ = {isa = PBXBuildFile; fileRef = 45D2BF052AE4E3BE006CC283 /* UploadViewController.swift */; };
		45D2BF082AE4E3CE006CC283 /* SettingViewController.swift in Sources */ = {isa = PBXBuildFile; fileRef = 45D2BF072AE4E3CE006CC283 /* SettingViewController.swift */; };
		45D2BF0A2AE5485E006CC283 /* PostTableViewCell.swift in Sources */ = {isa = PBXBuildFile; fileRef = 45D2BF092AE5485E006CC283 /* PostTableViewCell.swift */; };
		45DF14832AE7198E00832DB4 /* SDWebImage in Frameworks */ = {isa = PBXBuildFile; productRef = 45DF14822AE7198E00832DB4 /* SDWebImage */; };
		45DF14852AE7198E00832DB4 /* SDWebImageMapKit in Frameworks */ = {isa = PBXBuildFile; productRef = 45DF14842AE7198E00832DB4 /* SDWebImageMapKit */; };
		45DF14872AE71E4B00832DB4 /* PostModel.swift in Sources */ = {isa = PBXBuildFile; fileRef = 45DF14862AE71E4B00832DB4 /* PostModel.swift */; };
/* End PBXBuildFile section */

/* Begin PBXFileReference section */
		457F1FB92AE46F16005C0723 /* SocialApp.app */ = {isa = PBXFileReference; explicitFileType = wrapper.application; includeInIndex = 0; path = SocialApp.app; sourceTree = BUILT_PRODUCTS_DIR; };
		457F1FBC2AE46F16005C0723 /* AppDelegate.swift */ = {isa = PBXFileReference; lastKnownFileType = sourcecode.swift; path = AppDelegate.swift; sourceTree = "<group>"; };
		457F1FBE2AE46F16005C0723 /* SceneDelegate.swift */ = {isa = PBXFileReference; lastKnownFileType = sourcecode.swift; path = SceneDelegate.swift; sourceTree = "<group>"; };
		457F1FC02AE46F16005C0723 /* ViewController.swift */ = {isa = PBXFileReference; lastKnownFileType = sourcecode.swift; path = ViewController.swift; sourceTree = "<group>"; };
		457F1FC32AE46F16005C0723 /* Base */ = {isa = PBXFileReference; lastKnownFileType = file.storyboard; name = Base; path = Base.lproj/Main.storyboard; sourceTree = "<group>"; };
		457F1FC52AE46F17005C0723 /* Assets.xcassets */ = {isa = PBXFileReference; lastKnownFileType = folder.assetcatalog; path = Assets.xcassets; sourceTree = "<group>"; };
		457F1FC82AE46F17005C0723 /* Base */ = {isa = PBXFileReference; lastKnownFileType = file.storyboard; name = Base; path = Base.lproj/LaunchScreen.storyboard; sourceTree = "<group>"; };
		457F1FCA2AE46F17005C0723 /* Info.plist */ = {isa = PBXFileReference; lastKnownFileType = text.plist.xml; path = Info.plist; sourceTree = "<group>"; };
		457F1FD02AE46F6E005C0723 /* GoogleService-Info.plist */ = {isa = PBXFileReference; fileEncoding = 4; lastKnownFileType = text.plist.xml; path = "GoogleService-Info.plist"; sourceTree = "<group>"; };
		45D2BF032AE4D92D006CC283 /* FeedViewController.swift */ = {isa = PBXFileReference; lastKnownFileType = sourcecode.swift; path = FeedViewController.swift; sourceTree = "<group>"; };
		45D2BF052AE4E3BE006CC283 /* UploadViewController.swift */ = {isa = PBXFileReference; lastKnownFileType = sourcecode.swift; path = UploadViewController.swift; sourceTree = "<group>"; };
		45D2BF072AE4E3CE006CC283 /* SettingViewController.swift */ = {isa = PBXFileReference; lastKnownFileType = sourcecode.swift; path = SettingViewController.swift; sourceTree = "<group>"; };
		45D2BF092AE5485E006CC283 /* PostTableViewCell.swift */ = {isa = PBXFileReference; lastKnownFileType = sourcecode.swift; path = PostTableViewCell.swift; sourceTree = "<group>"; };
		45DF14862AE71E4B00832DB4 /* PostModel.swift */ = {isa = PBXFileReference; lastKnownFileType = sourcecode.swift; path = PostModel.swift; sourceTree = "<group>"; };
/* End PBXFileReference section */

/* Begin PBXFrameworksBuildPhase section */
		457F1FB62AE46F16005C0723 /* Frameworks */ = {
			isa = PBXFrameworksBuildPhase;
			buildActionMask = 2147483647;
			files = (
				45DF14852AE7198E00832DB4 /* SDWebImageMapKit in Frameworks */,
				457F1FE62AE4700A005C0723 /* FirebaseDatabase in Frameworks */,
				457F1FF42AE4700A005C0723 /* FirebaseFunctionsCombine-Community in Frameworks */,
				457F1FEC2AE4700A005C0723 /* FirebaseFirestore in Frameworks */,
				457F1FD82AE4700A005C0723 /* FirebaseAnalyticsSwift in Frameworks */,
				457F1FD42AE4700A005C0723 /* FirebaseAnalytics in Frameworks */,
				457F1FD62AE4700A005C0723 /* FirebaseAnalyticsOnDeviceConversion in Frameworks */,
				457F1FFC2AE4700A005C0723 /* FirebaseMLModelDownloader in Frameworks */,
				457F1FF02AE4700A005C0723 /* FirebaseFirestoreSwift in Frameworks */,
				457F1FDC2AE4700A005C0723 /* FirebaseAppCheck in Frameworks */,
				457F1FDA2AE4700A005C0723 /* FirebaseAnalyticsWithoutAdIdSupport in Frameworks */,
				45DF14832AE7198E00832DB4 /* SDWebImage in Frameworks */,
				457F1FE02AE4700A005C0723 /* FirebaseAuth in Frameworks */,
				457F1FE42AE4700A005C0723 /* FirebaseCrashlytics in Frameworks */,
				457F20042AE4700A005C0723 /* FirebaseRemoteConfigSwift in Frameworks */,
				457F1FF62AE4700A005C0723 /* FirebaseInAppMessaging-Beta in Frameworks */,
				457F1FE82AE4700A005C0723 /* FirebaseDatabaseSwift in Frameworks */,
				457F1FF22AE4700A005C0723 /* FirebaseFunctions in Frameworks */,
				457F20082AE4700A005C0723 /* FirebaseStorageCombine-Community in Frameworks */,
				457F20022AE4700A005C0723 /* FirebaseRemoteConfig in Frameworks */,
				457F1FDE2AE4700A005C0723 /* FirebaseAppDistribution-Beta in Frameworks */,
				457F1FE22AE4700A005C0723 /* FirebaseAuthCombine-Community in Frameworks */,
				457F20002AE4700A005C0723 /* FirebasePerformance in Frameworks */,
				457F1FF82AE4700A005C0723 /* FirebaseInAppMessagingSwift-Beta in Frameworks */,
				457F20062AE4700A005C0723 /* FirebaseStorage in Frameworks */,
				457F1FEA2AE4700A005C0723 /* FirebaseDynamicLinks in Frameworks */,
				457F1FEE2AE4700A005C0723 /* FirebaseFirestoreCombine-Community in Frameworks */,
				457F1FFE2AE4700A005C0723 /* FirebaseMessaging in Frameworks */,
				457F1FFA2AE4700A005C0723 /* FirebaseInstallations in Frameworks */,
			);
			runOnlyForDeploymentPostprocessing = 0;
		};
/* End PBXFrameworksBuildPhase section */

/* Begin PBXGroup section */
		457F1FB02AE46F16005C0723 = {
			isa = PBXGroup;
			children = (
				457F1FBB2AE46F16005C0723 /* SocialApp */,
				457F1FBA2AE46F16005C0723 /* Products */,
			);
			sourceTree = "<group>";
		};
		457F1FBA2AE46F16005C0723 /* Products */ = {
			isa = PBXGroup;
			children = (
				457F1FB92AE46F16005C0723 /* SocialApp.app */,
			);
			name = Products;
			sourceTree = "<group>";
		};
		457F1FBB2AE46F16005C0723 /* SocialApp */ = {
			isa = PBXGroup;
			children = (
				457F1FCA2AE46F17005C0723 /* Info.plist */,
				45DF148D2AE721AC00832DB4 /* Supporting  */,
				45DF148C2AE7218A00832DB4 /* Model */,
				45DF148B2AE7216800832DB4 /* View */,
				45DF148A2AE7215900832DB4 /* Assets */,
				45DF14892AE7214900832DB4 /* Board */,
				45DF14882AE7213600832DB4 /* Delegate */,
				457F1FD02AE46F6E005C0723 /* GoogleService-Info.plist */,
			);
			path = SocialApp;
			sourceTree = "<group>";
		};
		45DF14882AE7213600832DB4 /* Delegate */ = {
			isa = PBXGroup;
			children = (
				457F1FBE2AE46F16005C0723 /* SceneDelegate.swift */,
				457F1FBC2AE46F16005C0723 /* AppDelegate.swift */,
			);
			path = Delegate;
			sourceTree = "<group>";
		};
		45DF14892AE7214900832DB4 /* Board */ = {
			isa = PBXGroup;
			children = (
				457F1FC72AE46F17005C0723 /* LaunchScreen.storyboard */,
				457F1FC22AE46F16005C0723 /* Main.storyboard */,
			);
			path = Board;
			sourceTree = "<group>";
		};
		45DF148A2AE7215900832DB4 /* Assets */ = {
			isa = PBXGroup;
			children = (
				457F1FC52AE46F17005C0723 /* Assets.xcassets */,
			);
			path = Assets;
			sourceTree = "<group>";
		};
		45DF148B2AE7216800832DB4 /* View */ = {
			isa = PBXGroup;
			children = (
				457F1FC02AE46F16005C0723 /* ViewController.swift */,
				45D2BF072AE4E3CE006CC283 /* SettingViewController.swift */,
				45D2BF052AE4E3BE006CC283 /* UploadViewController.swift */,
				45D2BF092AE5485E006CC283 /* PostTableViewCell.swift */,
				45D2BF032AE4D92D006CC283 /* FeedViewController.swift */,
			);
			path = View;
			sourceTree = "<group>";
		};
		45DF148C2AE7218A00832DB4 /* Model */ = {
			isa = PBXGroup;
			children = (
				45DF14862AE71E4B00832DB4 /* PostModel.swift */,
			);
			path = Model;
			sourceTree = "<group>";
		};
		45DF148D2AE721AC00832DB4 /* Supporting  */ = {
			isa = PBXGroup;
			children = (
			);
			path = "Supporting ";
			sourceTree = "<group>";
		};
/* End PBXGroup section */

/* Begin PBXNativeTarget section */
		457F1FB82AE46F16005C0723 /* SocialApp */ = {
			isa = PBXNativeTarget;
			buildConfigurationList = 457F1FCD2AE46F17005C0723 /* Build configuration list for PBXNativeTarget "SocialApp" */;
			buildPhases = (
				457F1FB52AE46F16005C0723 /* Sources */,
				457F1FB62AE46F16005C0723 /* Frameworks */,
				457F1FB72AE46F16005C0723 /* Resources */,
			);
			buildRules = (
			);
			dependencies = (
			);
			name = SocialApp;
			packageProductDependencies = (
				457F1FD32AE4700A005C0723 /* FirebaseAnalytics */,
				457F1FD52AE4700A005C0723 /* FirebaseAnalyticsOnDeviceConversion */,
				457F1FD72AE4700A005C0723 /* FirebaseAnalyticsSwift */,
				457F1FD92AE4700A005C0723 /* FirebaseAnalyticsWithoutAdIdSupport */,
				457F1FDB2AE4700A005C0723 /* FirebaseAppCheck */,
				457F1FDD2AE4700A005C0723 /* FirebaseAppDistribution-Beta */,
				457F1FDF2AE4700A005C0723 /* FirebaseAuth */,
				457F1FE12AE4700A005C0723 /* FirebaseAuthCombine-Community */,
				457F1FE32AE4700A005C0723 /* FirebaseCrashlytics */,
				457F1FE52AE4700A005C0723 /* FirebaseDatabase */,
				457F1FE72AE4700A005C0723 /* FirebaseDatabaseSwift */,
				457F1FE92AE4700A005C0723 /* FirebaseDynamicLinks */,
				457F1FEB2AE4700A005C0723 /* FirebaseFirestore */,
				457F1FED2AE4700A005C0723 /* FirebaseFirestoreCombine-Community */,
				457F1FEF2AE4700A005C0723 /* FirebaseFirestoreSwift */,
				457F1FF12AE4700A005C0723 /* FirebaseFunctions */,
				457F1FF32AE4700A005C0723 /* FirebaseFunctionsCombine-Community */,
				457F1FF52AE4700A005C0723 /* FirebaseInAppMessaging-Beta */,
				457F1FF72AE4700A005C0723 /* FirebaseInAppMessagingSwift-Beta */,
				457F1FF92AE4700A005C0723 /* FirebaseInstallations */,
				457F1FFB2AE4700A005C0723 /* FirebaseMLModelDownloader */,
				457F1FFD2AE4700A005C0723 /* FirebaseMessaging */,
				457F1FFF2AE4700A005C0723 /* FirebasePerformance */,
				457F20012AE4700A005C0723 /* FirebaseRemoteConfig */,
				457F20032AE4700A005C0723 /* FirebaseRemoteConfigSwift */,
				457F20052AE4700A005C0723 /* FirebaseStorage */,
				457F20072AE4700A005C0723 /* FirebaseStorageCombine-Community */,
				45DF14822AE7198E00832DB4 /* SDWebImage */,
				45DF14842AE7198E00832DB4 /* SDWebImageMapKit */,
			);
			productName = SocialApp;
			productReference = 457F1FB92AE46F16005C0723 /* SocialApp.app */;
			productType = "com.apple.product-type.application";
		};
/* End PBXNativeTarget section */

/* Begin PBXProject section */
		457F1FB12AE46F16005C0723 /* Project object */ = {
			isa = PBXProject;
			attributes = {
				BuildIndependentTargetsInParallel = 1;
				LastSwiftUpdateCheck = 1500;
				LastUpgradeCheck = 1500;
				TargetAttributes = {
					457F1FB82AE46F16005C0723 = {
						CreatedOnToolsVersion = 15.0.1;
					};
				};
			};
			buildConfigurationList = 457F1FB42AE46F16005C0723 /* Build configuration list for PBXProject "SocialApp" */;
			compatibilityVersion = "Xcode 14.0";
			developmentRegion = en;
			hasScannedForEncodings = 0;
			knownRegions = (
				en,
				Base,
			);
			mainGroup = 457F1FB02AE46F16005C0723;
			packageReferences = (
				457F1FD22AE4700A005C0723 /* XCRemoteSwiftPackageReference "firebase-ios-sdk" */,
				45DF14812AE7198E00832DB4 /* XCRemoteSwiftPackageReference "SDWebImage" */,
			);
			productRefGroup = 457F1FBA2AE46F16005C0723 /* Products */;
			projectDirPath = "";
			projectRoot = "";
			targets = (
				457F1FB82AE46F16005C0723 /* SocialApp */,
			);
		};
/* End PBXProject section */

/* Begin PBXResourcesBuildPhase section */
		457F1FB72AE46F16005C0723 /* Resources */ = {
			isa = PBXResourcesBuildPhase;
			buildActionMask = 2147483647;
			files = (
				457F1FC92AE46F17005C0723 /* LaunchScreen.storyboard in Resources */,
				457F1FD12AE46F6E005C0723 /* GoogleService-Info.plist in Resources */,
				457F1FC62AE46F17005C0723 /* Assets.xcassets in Resources */,
				457F1FC42AE46F16005C0723 /* Main.storyboard in Resources */,
			);
			runOnlyForDeploymentPostprocessing = 0;
		};
/* End PBXResourcesBuildPhase section */

/* Begin PBXSourcesBuildPhase section */
		457F1FB52AE46F16005C0723 /* Sources */ = {
			isa = PBXSourcesBuildPhase;
			buildActionMask = 2147483647;
			files = (
				45D2BF0A2AE5485E006CC283 /* PostTableViewCell.swift in Sources */,
				45DF14872AE71E4B00832DB4 /* PostModel.swift in Sources */,
				457F1FC12AE46F16005C0723 /* ViewController.swift in Sources */,
				45D2BF062AE4E3BE006CC283 /* UploadViewController.swift in Sources */,
				457F1FBD2AE46F16005C0723 /* AppDelegate.swift in Sources */,
				45D2BF042AE4D92D006CC283 /* FeedViewController.swift in Sources */,
				457F1FBF2AE46F16005C0723 /* SceneDelegate.swift in Sources */,
				45D2BF082AE4E3CE006CC283 /* SettingViewController.swift in Sources */,
			);
			runOnlyForDeploymentPostprocessing = 0;
		};
/* End PBXSourcesBuildPhase section */

/* Begin PBXVariantGroup section */
		457F1FC22AE46F16005C0723 /* Main.storyboard */ = {
			isa = PBXVariantGroup;
			children = (
				457F1FC32AE46F16005C0723 /* Base */,
			);
			name = Main.storyboard;
			sourceTree = "<group>";
		};
		457F1FC72AE46F17005C0723 /* LaunchScreen.storyboard */ = {
			isa = PBXVariantGroup;
			children = (
				457F1FC82AE46F17005C0723 /* Base */,
			);
			name = LaunchScreen.storyboard;
			sourceTree = "<group>";
		};
/* End PBXVariantGroup section */

/* Begin XCBuildConfiguration section */
		457F1FCB2AE46F17005C0723 /* Debug */ = {
			isa = XCBuildConfiguration;
			buildSettings = {
				ALWAYS_SEARCH_USER_PATHS = NO;
				ASSETCATALOG_COMPILER_GENERATE_SWIFT_ASSET_SYMBOL_EXTENSIONS = YES;
				CLANG_ANALYZER_NONNULL = YES;
				CLANG_ANALYZER_NUMBER_OBJECT_CONVERSION = YES_AGGRESSIVE;
				CLANG_CXX_LANGUAGE_STANDARD = "gnu++20";
				CLANG_ENABLE_MODULES = YES;
				CLANG_ENABLE_OBJC_ARC = YES;
				CLANG_ENABLE_OBJC_WEAK = YES;
				CLANG_WARN_BLOCK_CAPTURE_AUTORELEASING = YES;
				CLANG_WARN_BOOL_CONVERSION = YES;
				CLANG_WARN_COMMA = YES;
				CLANG_WARN_CONSTANT_CONVERSION = YES;
				CLANG_WARN_DEPRECATED_OBJC_IMPLEMENTATIONS = YES;
				CLANG_WARN_DIRECT_OBJC_ISA_USAGE = YES_ERROR;
				CLANG_WARN_DOCUMENTATION_COMMENTS = YES;
				CLANG_WARN_EMPTY_BODY = YES;
				CLANG_WARN_ENUM_CONVERSION = YES;
				CLANG_WARN_INFINITE_RECURSION = YES;
				CLANG_WARN_INT_CONVERSION = YES;
				CLANG_WARN_NON_LITERAL_NULL_CONVERSION = YES;
				CLANG_WARN_OBJC_IMPLICIT_RETAIN_SELF = YES;
				CLANG_WARN_OBJC_LITERAL_CONVERSION = YES;
				CLANG_WARN_OBJC_ROOT_CLASS = YES_ERROR;
				CLANG_WARN_QUOTED_INCLUDE_IN_FRAMEWORK_HEADER = YES;
				CLANG_WARN_RANGE_LOOP_ANALYSIS = YES;
				CLANG_WARN_STRICT_PROTOTYPES = YES;
				CLANG_WARN_SUSPICIOUS_MOVE = YES;
				CLANG_WARN_UNGUARDED_AVAILABILITY = YES_AGGRESSIVE;
				CLANG_WARN_UNREACHABLE_CODE = YES;
				CLANG_WARN__DUPLICATE_METHOD_MATCH = YES;
				COPY_PHASE_STRIP = NO;
				DEBUG_INFORMATION_FORMAT = dwarf;
				ENABLE_STRICT_OBJC_MSGSEND = YES;
				ENABLE_TESTABILITY = YES;
				ENABLE_USER_SCRIPT_SANDBOXING = YES;
				GCC_C_LANGUAGE_STANDARD = gnu17;
				GCC_DYNAMIC_NO_PIC = NO;
				GCC_NO_COMMON_BLOCKS = YES;
				GCC_OPTIMIZATION_LEVEL = 0;
				GCC_PREPROCESSOR_DEFINITIONS = (
					"DEBUG=1",
					"$(inherited)",
				);
				GCC_WARN_64_TO_32_BIT_CONVERSION = YES;
				GCC_WARN_ABOUT_RETURN_TYPE = YES_ERROR;
				GCC_WARN_UNDECLARED_SELECTOR = YES;
				GCC_WARN_UNINITIALIZED_AUTOS = YES_AGGRESSIVE;
				GCC_WARN_UNUSED_FUNCTION = YES;
				GCC_WARN_UNUSED_VARIABLE = YES;
				IPHONEOS_DEPLOYMENT_TARGET = 17.0;
				LOCALIZATION_PREFERS_STRING_CATALOGS = YES;
				MTL_ENABLE_DEBUG_INFO = INCLUDE_SOURCE;
				MTL_FAST_MATH = YES;
				ONLY_ACTIVE_ARCH = YES;
				SDKROOT = iphoneos;
				SWIFT_ACTIVE_COMPILATION_CONDITIONS = "DEBUG $(inherited)";
				SWIFT_OPTIMIZATION_LEVEL = "-Onone";
			};
			name = Debug;
		};
		457F1FCC2AE46F17005C0723 /* Release */ = {
			isa = XCBuildConfiguration;
			buildSettings = {
				ALWAYS_SEARCH_USER_PATHS = NO;
				ASSETCATALOG_COMPILER_GENERATE_SWIFT_ASSET_SYMBOL_EXTENSIONS = YES;
				CLANG_ANALYZER_NONNULL = YES;
				CLANG_ANALYZER_NUMBER_OBJECT_CONVERSION = YES_AGGRESSIVE;
				CLANG_CXX_LANGUAGE_STANDARD = "gnu++20";
				CLANG_ENABLE_MODULES = YES;
				CLANG_ENABLE_OBJC_ARC = YES;
				CLANG_ENABLE_OBJC_WEAK = YES;
				CLANG_WARN_BLOCK_CAPTURE_AUTORELEASING = YES;
				CLANG_WARN_BOOL_CONVERSION = YES;
				CLANG_WARN_COMMA = YES;
				CLANG_WARN_CONSTANT_CONVERSION = YES;
				CLANG_WARN_DEPRECATED_OBJC_IMPLEMENTATIONS = YES;
				CLANG_WARN_DIRECT_OBJC_ISA_USAGE = YES_ERROR;
				CLANG_WARN_DOCUMENTATION_COMMENTS = YES;
				CLANG_WARN_EMPTY_BODY = YES;
				CLANG_WARN_ENUM_CONVERSION = YES;
				CLANG_WARN_INFINITE_RECURSION = YES;
				CLANG_WARN_INT_CONVERSION = YES;
				CLANG_WARN_NON_LITERAL_NULL_CONVERSION = YES;
				CLANG_WARN_OBJC_IMPLICIT_RETAIN_SELF = YES;
				CLANG_WARN_OBJC_LITERAL_CONVERSION = YES;
				CLANG_WARN_OBJC_ROOT_CLASS = YES_ERROR;
				CLANG_WARN_QUOTED_INCLUDE_IN_FRAMEWORK_HEADER = YES;
				CLANG_WARN_RANGE_LOOP_ANALYSIS = YES;
				CLANG_WARN_STRICT_PROTOTYPES = YES;
				CLANG_WARN_SUSPICIOUS_MOVE = YES;
				CLANG_WARN_UNGUARDED_AVAILABILITY = YES_AGGRESSIVE;
				CLANG_WARN_UNREACHABLE_CODE = YES;
				CLANG_WARN__DUPLICATE_METHOD_MATCH = YES;
				COPY_PHASE_STRIP = NO;
				DEBUG_INFORMATION_FORMAT = "dwarf-with-dsym";
				ENABLE_NS_ASSERTIONS = NO;
				ENABLE_STRICT_OBJC_MSGSEND = YES;
				ENABLE_USER_SCRIPT_SANDBOXING = YES;
				GCC_C_LANGUAGE_STANDARD = gnu17;
				GCC_NO_COMMON_BLOCKS = YES;
				GCC_WARN_64_TO_32_BIT_CONVERSION = YES;
				GCC_WARN_ABOUT_RETURN_TYPE = YES_ERROR;
				GCC_WARN_UNDECLARED_SELECTOR = YES;
				GCC_WARN_UNINITIALIZED_AUTOS = YES_AGGRESSIVE;
				GCC_WARN_UNUSED_FUNCTION = YES;
				GCC_WARN_UNUSED_VARIABLE = YES;
				IPHONEOS_DEPLOYMENT_TARGET = 17.0;
				LOCALIZATION_PREFERS_STRING_CATALOGS = YES;
				MTL_ENABLE_DEBUG_INFO = NO;
				MTL_FAST_MATH = YES;
				SDKROOT = iphoneos;
				SWIFT_COMPILATION_MODE = wholemodule;
				VALIDATE_PRODUCT = YES;
			};
			name = Release;
		};
		457F1FCE2AE46F17005C0723 /* Debug */ = {
			isa = XCBuildConfiguration;
			buildSettings = {
				ASSETCATALOG_COMPILER_APPICON_NAME = AppIcon;
				ASSETCATALOG_COMPILER_GLOBAL_ACCENT_COLOR_NAME = AccentColor;
				CODE_SIGN_STYLE = Automatic;
				CURRENT_PROJECT_VERSION = 1;
				DEVELOPMENT_TEAM = NQNWVYYF67;
				GENERATE_INFOPLIST_FILE = YES;
				INFOPLIST_FILE = SocialApp/Info.plist;
				INFOPLIST_KEY_UIApplicationSupportsIndirectInputEvents = YES;
				INFOPLIST_KEY_UILaunchStoryboardName = LaunchScreen;
				INFOPLIST_KEY_UIMainStoryboardFile = Main;
				INFOPLIST_KEY_UISupportedInterfaceOrientations_iPad = "UIInterfaceOrientationPortrait UIInterfaceOrientationPortraitUpsideDown UIInterfaceOrientationLandscapeLeft UIInterfaceOrientationLandscapeRight";
				INFOPLIST_KEY_UISupportedInterfaceOrientations_iPhone = "UIInterfaceOrientationPortrait UIInterfaceOrientationLandscapeLeft UIInterfaceOrientationLandscapeRight";
				LD_RUNPATH_SEARCH_PATHS = (
					"$(inherited)",
					"@executable_path/Frameworks",
				);
				MARKETING_VERSION = 1.0;
				PRODUCT_BUNDLE_IDENTIFIER = enesgumus.SocialApp;
				PRODUCT_NAME = "$(TARGET_NAME)";
				SWIFT_EMIT_LOC_STRINGS = YES;
				SWIFT_VERSION = 5.0;
				TARGETED_DEVICE_FAMILY = "1,2";
			};
			name = Debug;
		};
		457F1FCF2AE46F17005C0723 /* Release */ = {
			isa = XCBuildConfiguration;
			buildSettings = {
				ASSETCATALOG_COMPILER_APPICON_NAME = AppIcon;
				ASSETCATALOG_COMPILER_GLOBAL_ACCENT_COLOR_NAME = AccentColor;
				CODE_SIGN_STYLE = Automatic;
				CURRENT_PROJECT_VERSION = 1;
				DEVELOPMENT_TEAM = NQNWVYYF67;
				GENERATE_INFOPLIST_FILE = YES;
				INFOPLIST_FILE = SocialApp/Info.plist;
				INFOPLIST_KEY_UIApplicationSupportsIndirectInputEvents = YES;
				INFOPLIST_KEY_UILaunchStoryboardName = LaunchScreen;
				INFOPLIST_KEY_UIMainStoryboardFile = Main;
				INFOPLIST_KEY_UISupportedInterfaceOrientations_iPad = "UIInterfaceOrientationPortrait UIInterfaceOrientationPortraitUpsideDown UIInterfaceOrientationLandscapeLeft UIInterfaceOrientationLandscapeRight";
				INFOPLIST_KEY_UISupportedInterfaceOrientations_iPhone = "UIInterfaceOrientationPortrait UIInterfaceOrientationLandscapeLeft UIInterfaceOrientationLandscapeRight";
				LD_RUNPATH_SEARCH_PATHS = (
					"$(inherited)",
					"@executable_path/Frameworks",
				);
				MARKETING_VERSION = 1.0;
				PRODUCT_BUNDLE_IDENTIFIER = enesgumus.SocialApp;
				PRODUCT_NAME = "$(TARGET_NAME)";
				SWIFT_EMIT_LOC_STRINGS = YES;
				SWIFT_VERSION = 5.0;
				TARGETED_DEVICE_FAMILY = "1,2";
			};
			name = Release;
		};
/* End XCBuildConfiguration section */

/* Begin XCConfigurationList section */
		457F1FB42AE46F16005C0723 /* Build configuration list for PBXProject "SocialApp" */ = {
			isa = XCConfigurationList;
			buildConfigurations = (
				457F1FCB2AE46F17005C0723 /* Debug */,
				457F1FCC2AE46F17005C0723 /* Release */,
			);
			defaultConfigurationIsVisible = 0;
			defaultConfigurationName = Release;
		};
		457F1FCD2AE46F17005C0723 /* Build configuration list for PBXNativeTarget "SocialApp" */ = {
			isa = XCConfigurationList;
			buildConfigurations = (
				457F1FCE2AE46F17005C0723 /* Debug */,
				457F1FCF2AE46F17005C0723 /* Release */,
			);
			defaultConfigurationIsVisible = 0;
			defaultConfigurationName = Release;
		};
/* End XCConfigurationList section */

/* Begin XCRemoteSwiftPackageReference section */
		457F1FD22AE4700A005C0723 /* XCRemoteSwiftPackageReference "firebase-ios-sdk" */ = {
			isa = XCRemoteSwiftPackageReference;
			repositoryURL = "https://github.com/firebase/firebase-ios-sdk";
			requirement = {
				kind = upToNextMajorVersion;
				minimumVersion = 10.16.0;
			};
		};
		45DF14812AE7198E00832DB4 /* XCRemoteSwiftPackageReference "SDWebImage" */ = {
			isa = XCRemoteSwiftPackageReference;
			repositoryURL = "https://github.com/SDWebImage/SDWebImage";
			requirement = {
				kind = upToNextMajorVersion;
				minimumVersion = 5.18.3;
			};
		};
/* End XCRemoteSwiftPackageReference section */

/* Begin XCSwiftPackageProductDependency section */
		457F1FD32AE4700A005C0723 /* FirebaseAnalytics */ = {
			isa = XCSwiftPackageProductDependency;
			package = 457F1FD22AE4700A005C0723 /* XCRemoteSwiftPackageReference "firebase-ios-sdk" */;
			productName = FirebaseAnalytics;
		};
		457F1FD52AE4700A005C0723 /* FirebaseAnalyticsOnDeviceConversion */ = {
			isa = XCSwiftPackageProductDependency;
			package = 457F1FD22AE4700A005C0723 /* XCRemoteSwiftPackageReference "firebase-ios-sdk" */;
			productName = FirebaseAnalyticsOnDeviceConversion;
		};
		457F1FD72AE4700A005C0723 /* FirebaseAnalyticsSwift */ = {
			isa = XCSwiftPackageProductDependency;
			package = 457F1FD22AE4700A005C0723 /* XCRemoteSwiftPackageReference "firebase-ios-sdk" */;
			productName = FirebaseAnalyticsSwift;
		};
		457F1FD92AE4700A005C0723 /* FirebaseAnalyticsWithoutAdIdSupport */ = {
			isa = XCSwiftPackageProductDependency;
			package = 457F1FD22AE4700A005C0723 /* XCRemoteSwiftPackageReference "firebase-ios-sdk" */;
			productName = FirebaseAnalyticsWithoutAdIdSupport;
		};
		457F1FDB2AE4700A005C0723 /* FirebaseAppCheck */ = {
			isa = XCSwiftPackageProductDependency;
			package = 457F1FD22AE4700A005C0723 /* XCRemoteSwiftPackageReference "firebase-ios-sdk" */;
			productName = FirebaseAppCheck;
		};
		457F1FDD2AE4700A005C0723 /* FirebaseAppDistribution-Beta */ = {
			isa = XCSwiftPackageProductDependency;
			package = 457F1FD22AE4700A005C0723 /* XCRemoteSwiftPackageReference "firebase-ios-sdk" */;
			productName = "FirebaseAppDistribution-Beta";
		};
		457F1FDF2AE4700A005C0723 /* FirebaseAuth */ = {
			isa = XCSwiftPackageProductDependency;
			package = 457F1FD22AE4700A005C0723 /* XCRemoteSwiftPackageReference "firebase-ios-sdk" */;
			productName = FirebaseAuth;
		};
		457F1FE12AE4700A005C0723 /* FirebaseAuthCombine-Community */ = {
			isa = XCSwiftPackageProductDependency;
			package = 457F1FD22AE4700A005C0723 /* XCRemoteSwiftPackageReference "firebase-ios-sdk" */;
			productName = "FirebaseAuthCombine-Community";
		};
		457F1FE32AE4700A005C0723 /* FirebaseCrashlytics */ = {
			isa = XCSwiftPackageProductDependency;
			package = 457F1FD22AE4700A005C0723 /* XCRemoteSwiftPackageReference "firebase-ios-sdk" */;
			productName = FirebaseCrashlytics;
		};
		457F1FE52AE4700A005C0723 /* FirebaseDatabase */ = {
			isa = XCSwiftPackageProductDependency;
			package = 457F1FD22AE4700A005C0723 /* XCRemoteSwiftPackageReference "firebase-ios-sdk" */;
			productName = FirebaseDatabase;
		};
		457F1FE72AE4700A005C0723 /* FirebaseDatabaseSwift */ = {
			isa = XCSwiftPackageProductDependency;
			package = 457F1FD22AE4700A005C0723 /* XCRemoteSwiftPackageReference "firebase-ios-sdk" */;
			productName = FirebaseDatabaseSwift;
		};
		457F1FE92AE4700A005C0723 /* FirebaseDynamicLinks */ = {
			isa = XCSwiftPackageProductDependency;
			package = 457F1FD22AE4700A005C0723 /* XCRemoteSwiftPackageReference "firebase-ios-sdk" */;
			productName = FirebaseDynamicLinks;
		};
		457F1FEB2AE4700A005C0723 /* FirebaseFirestore */ = {
			isa = XCSwiftPackageProductDependency;
			package = 457F1FD22AE4700A005C0723 /* XCRemoteSwiftPackageReference "firebase-ios-sdk" */;
			productName = FirebaseFirestore;
		};
		457F1FED2AE4700A005C0723 /* FirebaseFirestoreCombine-Community */ = {
			isa = XCSwiftPackageProductDependency;
			package = 457F1FD22AE4700A005C0723 /* XCRemoteSwiftPackageReference "firebase-ios-sdk" */;
			productName = "FirebaseFirestoreCombine-Community";
		};
		457F1FEF2AE4700A005C0723 /* FirebaseFirestoreSwift */ = {
			isa = XCSwiftPackageProductDependency;
			package = 457F1FD22AE4700A005C0723 /* XCRemoteSwiftPackageReference "firebase-ios-sdk" */;
			productName = FirebaseFirestoreSwift;
		};
		457F1FF12AE4700A005C0723 /* FirebaseFunctions */ = {
			isa = XCSwiftPackageProductDependency;
			package = 457F1FD22AE4700A005C0723 /* XCRemoteSwiftPackageReference "firebase-ios-sdk" */;
			productName = FirebaseFunctions;
		};
		457F1FF32AE4700A005C0723 /* FirebaseFunctionsCombine-Community */ = {
			isa = XCSwiftPackageProductDependency;
			package = 457F1FD22AE4700A005C0723 /* XCRemoteSwiftPackageReference "firebase-ios-sdk" */;
			productName = "FirebaseFunctionsCombine-Community";
		};
		457F1FF52AE4700A005C0723 /* FirebaseInAppMessaging-Beta */ = {
			isa = XCSwiftPackageProductDependency;
			package = 457F1FD22AE4700A005C0723 /* XCRemoteSwiftPackageReference "firebase-ios-sdk" */;
			productName = "FirebaseInAppMessaging-Beta";
		};
		457F1FF72AE4700A005C0723 /* FirebaseInAppMessagingSwift-Beta */ = {
			isa = XCSwiftPackageProductDependency;
			package = 457F1FD22AE4700A005C0723 /* XCRemoteSwiftPackageReference "firebase-ios-sdk" */;
			productName = "FirebaseInAppMessagingSwift-Beta";
		};
		457F1FF92AE4700A005C0723 /* FirebaseInstallations */ = {
			isa = XCSwiftPackageProductDependency;
			package = 457F1FD22AE4700A005C0723 /* XCRemoteSwiftPackageReference "firebase-ios-sdk" */;
			productName = FirebaseInstallations;
		};
		457F1FFB2AE4700A005C0723 /* FirebaseMLModelDownloader */ = {
			isa = XCSwiftPackageProductDependency;
			package = 457F1FD22AE4700A005C0723 /* XCRemoteSwiftPackageReference "firebase-ios-sdk" */;
			productName = FirebaseMLModelDownloader;
		};
		457F1FFD2AE4700A005C0723 /* FirebaseMessaging */ = {
			isa = XCSwiftPackageProductDependency;
			package = 457F1FD22AE4700A005C0723 /* XCRemoteSwiftPackageReference "firebase-ios-sdk" */;
			productName = FirebaseMessaging;
		};
		457F1FFF2AE4700A005C0723 /* FirebasePerformance */ = {
			isa = XCSwiftPackageProductDependency;
			package = 457F1FD22AE4700A005C0723 /* XCRemoteSwiftPackageReference "firebase-ios-sdk" */;
			productName = FirebasePerformance;
		};
		457F20012AE4700A005C0723 /* FirebaseRemoteConfig */ = {
			isa = XCSwiftPackageProductDependency;
			package = 457F1FD22AE4700A005C0723 /* XCRemoteSwiftPackageReference "firebase-ios-sdk" */;
			productName = FirebaseRemoteConfig;
		};
		457F20032AE4700A005C0723 /* FirebaseRemoteConfigSwift */ = {
			isa = XCSwiftPackageProductDependency;
			package = 457F1FD22AE4700A005C0723 /* XCRemoteSwiftPackageReference "firebase-ios-sdk" */;
			productName = FirebaseRemoteConfigSwift;
		};
		457F20052AE4700A005C0723 /* FirebaseStorage */ = {
			isa = XCSwiftPackageProductDependency;
			package = 457F1FD22AE4700A005C0723 /* XCRemoteSwiftPackageReference "firebase-ios-sdk" */;
			productName = FirebaseStorage;
		};
		457F20072AE4700A005C0723 /* FirebaseStorageCombine-Community */ = {
			isa = XCSwiftPackageProductDependency;
			package = 457F1FD22AE4700A005C0723 /* XCRemoteSwiftPackageReference "firebase-ios-sdk" */;
			productName = "FirebaseStorageCombine-Community";
		};
		45DF14822AE7198E00832DB4 /* SDWebImage */ = {
			isa = XCSwiftPackageProductDependency;
			package = 45DF14812AE7198E00832DB4 /* XCRemoteSwiftPackageReference "SDWebImage" */;
			productName = SDWebImage;
		};
		45DF14842AE7198E00832DB4 /* SDWebImageMapKit */ = {
			isa = XCSwiftPackageProductDependency;
			package = 45DF14812AE7198E00832DB4 /* XCRemoteSwiftPackageReference "SDWebImage" */;
			productName = SDWebImageMapKit;
		};
/* End XCSwiftPackageProductDependency section */
	};
	rootObject = 457F1FB12AE46F16005C0723 /* Project object */;
}
